
Microsoft Visual Studio Solution File, Format Version 12.00
# Visual Studio Version 17
VisualStudioVersion = 17.9.34616.47
MinimumVisualStudioVersion = 10.0.40219.1
Project("{FAE04EC0-301F-11D3-BF4B-00C04F79EFBC}") = "MicroFEMCore", "MicroFEMCore\MicroFEMCore.csproj", "{4280501F-3BEE-43C2-953A-0BD942EFA4C5}"
EndProject
Global
	GlobalSection(SolutionConfigurationPlatforms) = preSolution
		Debug|Any CPU = Debug|Any CPU
		Release|Any CPU = Release|Any CPU
	EndGlobalSection
	GlobalSection(ProjectConfigurationPlatforms) = postSolution
		{4280501F-3BEE-43C2-953A-0BD942EFA4C5}.Debug|Any CPU.ActiveCfg = Debug|Any CPU
		{4280501F-3BEE-43C2-953A-0BD942EFA4C5}.Debug|Any CPU.Build.0 = Debug|Any CPU
		{4280501F-3BEE-43C2-953A-0BD942EFA4C5}.Release|Any CPU.ActiveCfg = Release|Any CPU
		{4280501F-3BEE-43C2-953A-0BD942EFA4C5}.Release|Any CPU.Build.0 = Release|Any CPU
	EndGlobalSection
	GlobalSection(SolutionProperties) = preSolution
		HideSolutionNode = FALSE
	EndGlobalSection
	GlobalSection(ExtensibilityGlobals) = postSolution
		SolutionGuid = {9978C976-50DF-4F8E-95A4-4A0608131397}
	EndGlobalSection
EndGlobal
